
Microsoft Visual Studio Solution File, Format Version 12.00
# Visual Studio 2012
Project("{FAE04EC0-301F-11D3-BF4B-00C04F79EFBC}") = "WPFApplication", "WPF_sKrum\WPFApplication.csproj", "{46C1FD7C-4FC3-46EB-A532-DA79B0D83231}"
EndProject
Project("{FAE04EC0-301F-11D3-BF4B-00C04F79EFBC}") = "UserStoryLib", "UserStoryLib\UserStoryLib.csproj", "{55FF83E6-EAC0-4993-A1B2-4DEBC866E777}"
EndProject
Project("{FAE04EC0-301F-11D3-BF4B-00C04F79EFBC}") = "TaskLib", "TaskLib\TaskLib.csproj", "{0BC94BB8-4AAD-41E0-AF2B-FFDA4DD39A02}"
EndProject
Project("{FAE04EC0-301F-11D3-BF4B-00C04F79EFBC}") = "TaskboardRowLib", "TaskboardRowLib\TaskboardRowLib.csproj", "{28874D51-6654-42E1-8053-4BED4AA8275F}"
EndProject
Project("{FAE04EC0-301F-11D3-BF4B-00C04F79EFBC}") = "Kinect", "Kinect\Kinect.csproj", "{7041AF5B-AD01-4E03-AD77-1202A3BEFE12}"
EndProject
Project("{FAE04EC0-301F-11D3-BF4B-00C04F79EFBC}") = "PageTransitions", "WpfPageTransitions\PageTransitions.csproj", "{22A46D61-1D40-43A9-802C-B9D43DADD9EC}"
EndProject
Global
	GlobalSection(SolutionConfigurationPlatforms) = preSolution
		Debug|Any CPU = Debug|Any CPU
		Release|Any CPU = Release|Any CPU
	EndGlobalSection
	GlobalSection(ProjectConfigurationPlatforms) = postSolution
		{46C1FD7C-4FC3-46EB-A532-DA79B0D83231}.Debug|Any CPU.ActiveCfg = Debug|Any CPU
		{46C1FD7C-4FC3-46EB-A532-DA79B0D83231}.Debug|Any CPU.Build.0 = Debug|Any CPU
		{46C1FD7C-4FC3-46EB-A532-DA79B0D83231}.Release|Any CPU.ActiveCfg = Release|Any CPU
		{46C1FD7C-4FC3-46EB-A532-DA79B0D83231}.Release|Any CPU.Build.0 = Release|Any CPU
		{55FF83E6-EAC0-4993-A1B2-4DEBC866E777}.Debug|Any CPU.ActiveCfg = Debug|Any CPU
		{55FF83E6-EAC0-4993-A1B2-4DEBC866E777}.Debug|Any CPU.Build.0 = Debug|Any CPU
		{55FF83E6-EAC0-4993-A1B2-4DEBC866E777}.Release|Any CPU.ActiveCfg = Release|Any CPU
		{55FF83E6-EAC0-4993-A1B2-4DEBC866E777}.Release|Any CPU.Build.0 = Release|Any CPU
		{0BC94BB8-4AAD-41E0-AF2B-FFDA4DD39A02}.Debug|Any CPU.ActiveCfg = Debug|Any CPU
		{0BC94BB8-4AAD-41E0-AF2B-FFDA4DD39A02}.Debug|Any CPU.Build.0 = Debug|Any CPU
		{0BC94BB8-4AAD-41E0-AF2B-FFDA4DD39A02}.Release|Any CPU.ActiveCfg = Release|Any CPU
		{0BC94BB8-4AAD-41E0-AF2B-FFDA4DD39A02}.Release|Any CPU.Build.0 = Release|Any CPU
		{28874D51-6654-42E1-8053-4BED4AA8275F}.Debug|Any CPU.ActiveCfg = Debug|Any CPU
		{28874D51-6654-42E1-8053-4BED4AA8275F}.Debug|Any CPU.Build.0 = Debug|Any CPU
		{28874D51-6654-42E1-8053-4BED4AA8275F}.Release|Any CPU.ActiveCfg = Release|Any CPU
		{28874D51-6654-42E1-8053-4BED4AA8275F}.Release|Any CPU.Build.0 = Release|Any CPU
		{7041AF5B-AD01-4E03-AD77-1202A3BEFE12}.Debug|Any CPU.ActiveCfg = Debug|Any CPU
		{7041AF5B-AD01-4E03-AD77-1202A3BEFE12}.Debug|Any CPU.Build.0 = Debug|Any CPU
		{7041AF5B-AD01-4E03-AD77-1202A3BEFE12}.Release|Any CPU.ActiveCfg = Release|Any CPU
		{7041AF5B-AD01-4E03-AD77-1202A3BEFE12}.Release|Any CPU.Build.0 = Release|Any CPU
		{22A46D61-1D40-43A9-802C-B9D43DADD9EC}.Debug|Any CPU.ActiveCfg = Debug|Any CPU
		{22A46D61-1D40-43A9-802C-B9D43DADD9EC}.Debug|Any CPU.Build.0 = Debug|Any CPU
		{22A46D61-1D40-43A9-802C-B9D43DADD9EC}.Release|Any CPU.ActiveCfg = Release|Any CPU
		{22A46D61-1D40-43A9-802C-B9D43DADD9EC}.Release|Any CPU.Build.0 = Release|Any CPU
	EndGlobalSection
	GlobalSection(SolutionProperties) = preSolution
		HideSolutionNode = FALSE
	EndGlobalSection
EndGlobal
