
Microsoft Visual Studio Solution File, Format Version 12.00
# Visual Studio 2012
Project("{FAE04EC0-301F-11D3-BF4B-00C04F79EFBC}") = "WPFApplication", "WPF_sKrum\WPFApplication.csproj", "{46C1FD7C-4FC3-46EB-A532-DA79B0D83231}"
EndProject
Project("{FAE04EC0-301F-11D3-BF4B-00C04F79EFBC}") = "Kinect", "Kinect\Kinect.csproj", "{7041AF5B-AD01-4E03-AD77-1202A3BEFE12}"
EndProject
Project("{FAE04EC0-301F-11D3-BF4B-00C04F79EFBC}") = "PageTransitions", "WpfPageTransitions\PageTransitions.csproj", "{22A46D61-1D40-43A9-802C-B9D43DADD9EC}"
EndProject
Project("{FAE04EC0-301F-11D3-BF4B-00C04F79EFBC}") = "TaskBoardControlLib", "TaskBoardControlLib\TaskBoardControlLib.csproj", "{733E757F-308E-4039-947B-B6F867C07FFB}"
EndProject
Project("{FAE04EC0-301F-11D3-BF4B-00C04F79EFBC}") = "GenericControlLib", "GenericControlLib\GenericControlLib.csproj", "{66C3F1E6-C160-47B7-8C0C-B53A975226AD}"
EndProject
Project("{FAE04EC0-301F-11D3-BF4B-00C04F79EFBC}") = "ServiceLib", "ServiceLib\ServiceLib.csproj", "{00F9C426-8516-404C-B085-DE09790EFFC1}"
EndProject
Project("{FAE04EC0-301F-11D3-BF4B-00C04F79EFBC}") = "DatabasePopulator", "DatabasePopulator\DatabasePopulator.csproj", "{B5B599E8-E9E0-49B1-918F-E03216675A82}"
EndProject
Global
	GlobalSection(SolutionConfigurationPlatforms) = preSolution
		Debug|Any CPU = Debug|Any CPU
		Release|Any CPU = Release|Any CPU
	EndGlobalSection
	GlobalSection(ProjectConfigurationPlatforms) = postSolution
		{46C1FD7C-4FC3-46EB-A532-DA79B0D83231}.Debug|Any CPU.ActiveCfg = Debug|Any CPU
		{46C1FD7C-4FC3-46EB-A532-DA79B0D83231}.Debug|Any CPU.Build.0 = Debug|Any CPU
		{46C1FD7C-4FC3-46EB-A532-DA79B0D83231}.Release|Any CPU.ActiveCfg = Release|Any CPU
		{46C1FD7C-4FC3-46EB-A532-DA79B0D83231}.Release|Any CPU.Build.0 = Release|Any CPU
		{7041AF5B-AD01-4E03-AD77-1202A3BEFE12}.Debug|Any CPU.ActiveCfg = Debug|Any CPU
		{7041AF5B-AD01-4E03-AD77-1202A3BEFE12}.Debug|Any CPU.Build.0 = Debug|Any CPU
		{7041AF5B-AD01-4E03-AD77-1202A3BEFE12}.Release|Any CPU.ActiveCfg = Release|Any CPU
		{7041AF5B-AD01-4E03-AD77-1202A3BEFE12}.Release|Any CPU.Build.0 = Release|Any CPU
		{22A46D61-1D40-43A9-802C-B9D43DADD9EC}.Debug|Any CPU.ActiveCfg = Debug|Any CPU
		{22A46D61-1D40-43A9-802C-B9D43DADD9EC}.Debug|Any CPU.Build.0 = Debug|Any CPU
		{22A46D61-1D40-43A9-802C-B9D43DADD9EC}.Release|Any CPU.ActiveCfg = Release|Any CPU
		{22A46D61-1D40-43A9-802C-B9D43DADD9EC}.Release|Any CPU.Build.0 = Release|Any CPU
		{733E757F-308E-4039-947B-B6F867C07FFB}.Debug|Any CPU.ActiveCfg = Debug|Any CPU
		{733E757F-308E-4039-947B-B6F867C07FFB}.Debug|Any CPU.Build.0 = Debug|Any CPU
		{733E757F-308E-4039-947B-B6F867C07FFB}.Release|Any CPU.ActiveCfg = Release|Any CPU
		{733E757F-308E-4039-947B-B6F867C07FFB}.Release|Any CPU.Build.0 = Release|Any CPU
		{66C3F1E6-C160-47B7-8C0C-B53A975226AD}.Debug|Any CPU.ActiveCfg = Debug|Any CPU
		{66C3F1E6-C160-47B7-8C0C-B53A975226AD}.Debug|Any CPU.Build.0 = Debug|Any CPU
		{66C3F1E6-C160-47B7-8C0C-B53A975226AD}.Release|Any CPU.ActiveCfg = Release|Any CPU
		{66C3F1E6-C160-47B7-8C0C-B53A975226AD}.Release|Any CPU.Build.0 = Release|Any CPU
		{00F9C426-8516-404C-B085-DE09790EFFC1}.Debug|Any CPU.ActiveCfg = Debug|Any CPU
		{00F9C426-8516-404C-B085-DE09790EFFC1}.Debug|Any CPU.Build.0 = Debug|Any CPU
		{00F9C426-8516-404C-B085-DE09790EFFC1}.Release|Any CPU.ActiveCfg = Release|Any CPU
		{00F9C426-8516-404C-B085-DE09790EFFC1}.Release|Any CPU.Build.0 = Release|Any CPU
		{B5B599E8-E9E0-49B1-918F-E03216675A82}.Debug|Any CPU.ActiveCfg = Debug|Any CPU
		{B5B599E8-E9E0-49B1-918F-E03216675A82}.Debug|Any CPU.Build.0 = Debug|Any CPU
		{B5B599E8-E9E0-49B1-918F-E03216675A82}.Release|Any CPU.ActiveCfg = Release|Any CPU
		{B5B599E8-E9E0-49B1-918F-E03216675A82}.Release|Any CPU.Build.0 = Release|Any CPU
	EndGlobalSection
	GlobalSection(SolutionProperties) = preSolution
		HideSolutionNode = FALSE
	EndGlobalSection
EndGlobal
